
Microsoft Visual Studio Solution File, Format Version 12.00
# Visual Studio Version 17
VisualStudioVersion = 17.4.33213.308
MinimumVisualStudioVersion = 10.0.40219.1
Project("{FAE04EC0-301F-11D3-BF4B-00C04F79EFBC}") = "Memoria Dinamica", "Memoria Dinamica.csproj", "{75B734B8-EE62-4B88-9B5D-26FD3F817668}"
EndProject
Global
	GlobalSection(SolutionConfigurationPlatforms) = preSolution
		Debug|Any CPU = Debug|Any CPU
		Release|Any CPU = Release|Any CPU
	EndGlobalSection
	GlobalSection(ProjectConfigurationPlatforms) = postSolution
		{75B734B8-EE62-4B88-9B5D-26FD3F817668}.Debug|Any CPU.ActiveCfg = Debug|Any CPU
		{75B734B8-EE62-4B88-9B5D-26FD3F817668}.Debug|Any CPU.Build.0 = Debug|Any CPU
		{75B734B8-EE62-4B88-9B5D-26FD3F817668}.Release|Any CPU.ActiveCfg = Release|Any CPU
		{75B734B8-EE62-4B88-9B5D-26FD3F817668}.Release|Any CPU.Build.0 = Release|Any CPU
	EndGlobalSection
	GlobalSection(SolutionProperties) = preSolution
		HideSolutionNode = FALSE
	EndGlobalSection
	GlobalSection(ExtensibilityGlobals) = postSolution
		SolutionGuid = {26B7297C-D727-4EB5-BFEB-57DC5B946917}
	EndGlobalSection
EndGlobal
